
Microsoft Visual Studio Solution File, Format Version 12.00
# Visual Studio Version 17
VisualStudioVersion = 17.5.33627.172
MinimumVisualStudioVersion = 10.0.40219.1
Project("{FAE04EC0-301F-11D3-BF4B-00C04F79EFBC}") = "API_QuanLyKho", "API_QuanLyKho\API_QuanLyKho.csproj", "{D0BCAF15-2C05-41C8-BCBE-A0160B1C66FB}"
EndProject
Global
	GlobalSection(SolutionConfigurationPlatforms) = preSolution
		Debug|Any CPU = Debug|Any CPU
		Release|Any CPU = Release|Any CPU
	EndGlobalSection
	GlobalSection(ProjectConfigurationPlatforms) = postSolution
		{D0BCAF15-2C05-41C8-BCBE-A0160B1C66FB}.Debug|Any CPU.ActiveCfg = Debug|Any CPU
		{D0BCAF15-2C05-41C8-BCBE-A0160B1C66FB}.Debug|Any CPU.Build.0 = Debug|Any CPU
		{D0BCAF15-2C05-41C8-BCBE-A0160B1C66FB}.Release|Any CPU.ActiveCfg = Release|Any CPU
		{D0BCAF15-2C05-41C8-BCBE-A0160B1C66FB}.Release|Any CPU.Build.0 = Release|Any CPU
	EndGlobalSection
	GlobalSection(SolutionProperties) = preSolution
		HideSolutionNode = FALSE
	EndGlobalSection
	GlobalSection(ExtensibilityGlobals) = postSolution
		SolutionGuid = {40253243-C469-4109-96E9-05002151DA85}
	EndGlobalSection
EndGlobal
